// !$*UTF8*$!
{
	archiveVersion = 1;
	classes = {
	};
	objectVersion = 56;
	objects = {

/* Begin PBXBuildFile section */
		3D3A1B802B42AFAC00C8975D /* recentlyModel.swift in Sources */ = {isa = PBXBuildFile; fileRef = 3D3A1B7F2B42AFAC00C8975D /* recentlyModel.swift */; };
		3D3A1B842B42E5FB00C8975D /* RevealedCollectionViewCell.swift in Sources */ = {isa = PBXBuildFile; fileRef = 3D3A1B822B42E5FB00C8975D /* RevealedCollectionViewCell.swift */; };
		3D3A1B852B42E5FB00C8975D /* RevealedCollectionViewCell.xib in Resources */ = {isa = PBXBuildFile; fileRef = 3D3A1B832B42E5FB00C8975D /* RevealedCollectionViewCell.xib */; };
		3D3A1B872B42E8D600C8975D /* revealedModel.swift in Sources */ = {isa = PBXBuildFile; fileRef = 3D3A1B862B42E8D600C8975D /* revealedModel.swift */; };
		3D3A1B892B4317E700C8975D /* EditorModel.swift in Sources */ = {isa = PBXBuildFile; fileRef = 3D3A1B882B4317E700C8975D /* EditorModel.swift */; };
		3D3A1B912B43187800C8975D /* EditorCollectionViewCell.swift in Sources */ = {isa = PBXBuildFile; fileRef = 3D3A1B8F2B43187800C8975D /* EditorCollectionViewCell.swift */; };
		3D3A1B922B43187800C8975D /* EditorCollectionViewCell.xib in Resources */ = {isa = PBXBuildFile; fileRef = 3D3A1B902B43187800C8975D /* EditorCollectionViewCell.xib */; };
		3DB00CF82B41E57400510B67 /* AppDelegate.swift in Sources */ = {isa = PBXBuildFile; fileRef = 3DB00CF72B41E57400510B67 /* AppDelegate.swift */; };
		3DB00CFA2B41E57400510B67 /* SceneDelegate.swift in Sources */ = {isa = PBXBuildFile; fileRef = 3DB00CF92B41E57400510B67 /* SceneDelegate.swift */; };
		3DB00CFC2B41E57400510B67 /* ViewController.swift in Sources */ = {isa = PBXBuildFile; fileRef = 3DB00CFB2B41E57400510B67 /* ViewController.swift */; };
		3DB00CFF2B41E57400510B67 /* Main.storyboard in Resources */ = {isa = PBXBuildFile; fileRef = 3DB00CFD2B41E57400510B67 /* Main.storyboard */; };
		3DB00D012B41E57600510B67 /* Assets.xcassets in Resources */ = {isa = PBXBuildFile; fileRef = 3DB00D002B41E57600510B67 /* Assets.xcassets */; };
		3DB00D042B41E57600510B67 /* LaunchScreen.storyboard in Resources */ = {isa = PBXBuildFile; fileRef = 3DB00D022B41E57600510B67 /* LaunchScreen.storyboard */; };
		3DB00D0E2B41EA8C00510B67 /* RecentlyPlayedCollectionViewCell.swift in Sources */ = {isa = PBXBuildFile; fileRef = 3DB00D0C2B41EA8C00510B67 /* RecentlyPlayedCollectionViewCell.swift */; };
		3DB00D0F2B41EA8C00510B67 /* RecentlyPlayedCollectionViewCell.xib in Resources */ = {isa = PBXBuildFile; fileRef = 3DB00D0D2B41EA8C00510B67 /* RecentlyPlayedCollectionViewCell.xib */; };
		3DFEC4492B44465200349DB7 /* SearchViewController.swift in Sources */ = {isa = PBXBuildFile; fileRef = 3DFEC4482B44465200349DB7 /* SearchViewController.swift */; };
		3DFEC44B2B4465D300349DB7 /* searchModel.swift in Sources */ = {isa = PBXBuildFile; fileRef = 3DFEC44A2B4465D300349DB7 /* searchModel.swift */; };
		3DFEC44E2B44662000349DB7 /* GenresCollectionViewCell.swift in Sources */ = {isa = PBXBuildFile; fileRef = 3DFEC44C2B44662000349DB7 /* GenresCollectionViewCell.swift */; };
		3DFEC44F2B44662000349DB7 /* GenresCollectionViewCell.xib in Resources */ = {isa = PBXBuildFile; fileRef = 3DFEC44D2B44662000349DB7 /* GenresCollectionViewCell.xib */; };
		3DFEC4552B45464F00349DB7 /* PodcastCollectionViewCell.swift in Sources */ = {isa = PBXBuildFile; fileRef = 3DFEC4532B45464F00349DB7 /* PodcastCollectionViewCell.swift */; };
		3DFEC4562B45464F00349DB7 /* PodcastCollectionViewCell.xib in Resources */ = {isa = PBXBuildFile; fileRef = 3DFEC4542B45464F00349DB7 /* PodcastCollectionViewCell.xib */; };
		3DFEC4582B4546EF00349DB7 /* podcastModel.swift in Sources */ = {isa = PBXBuildFile; fileRef = 3DFEC4572B4546EF00349DB7 /* podcastModel.swift */; };
		3DFEC45C2B454AC300349DB7 /* PopularCollectionViewCell.swift in Sources */ = {isa = PBXBuildFile; fileRef = 3DFEC45A2B454AC300349DB7 /* PopularCollectionViewCell.swift */; };
		3DFEC45D2B454AC300349DB7 /* PopularCollectionViewCell.xib in Resources */ = {isa = PBXBuildFile; fileRef = 3DFEC45B2B454AC300349DB7 /* PopularCollectionViewCell.xib */; };
		3DFEC45F2B454B4200349DB7 /* popularModel.swift in Sources */ = {isa = PBXBuildFile; fileRef = 3DFEC45E2B454B4200349DB7 /* popularModel.swift */; };
/* End PBXBuildFile section */

/* Begin PBXFileReference section */
		3D3A1B7F2B42AFAC00C8975D /* recentlyModel.swift */ = {isa = PBXFileReference; lastKnownFileType = sourcecode.swift; path = recentlyModel.swift; sourceTree = "<group>"; };
		3D3A1B822B42E5FB00C8975D /* RevealedCollectionViewCell.swift */ = {isa = PBXFileReference; lastKnownFileType = sourcecode.swift; path = RevealedCollectionViewCell.swift; sourceTree = "<group>"; };
		3D3A1B832B42E5FB00C8975D /* RevealedCollectionViewCell.xib */ = {isa = PBXFileReference; lastKnownFileType = file.xib; path = RevealedCollectionViewCell.xib; sourceTree = "<group>"; };
		3D3A1B862B42E8D600C8975D /* revealedModel.swift */ = {isa = PBXFileReference; lastKnownFileType = sourcecode.swift; path = revealedModel.swift; sourceTree = "<group>"; };
		3D3A1B882B4317E700C8975D /* EditorModel.swift */ = {isa = PBXFileReference; lastKnownFileType = sourcecode.swift; path = EditorModel.swift; sourceTree = "<group>"; };
		3D3A1B8F2B43187800C8975D /* EditorCollectionViewCell.swift */ = {isa = PBXFileReference; lastKnownFileType = sourcecode.swift; path = EditorCollectionViewCell.swift; sourceTree = "<group>"; };
		3D3A1B902B43187800C8975D /* EditorCollectionViewCell.xib */ = {isa = PBXFileReference; lastKnownFileType = file.xib; path = EditorCollectionViewCell.xib; sourceTree = "<group>"; };
		3DB00CF42B41E57400510B67 /* SpotifyUIClone.app */ = {isa = PBXFileReference; explicitFileType = wrapper.application; includeInIndex = 0; path = SpotifyUIClone.app; sourceTree = BUILT_PRODUCTS_DIR; };
		3DB00CF72B41E57400510B67 /* AppDelegate.swift */ = {isa = PBXFileReference; lastKnownFileType = sourcecode.swift; path = AppDelegate.swift; sourceTree = "<group>"; };
		3DB00CF92B41E57400510B67 /* SceneDelegate.swift */ = {isa = PBXFileReference; lastKnownFileType = sourcecode.swift; path = SceneDelegate.swift; sourceTree = "<group>"; };
		3DB00CFB2B41E57400510B67 /* ViewController.swift */ = {isa = PBXFileReference; lastKnownFileType = sourcecode.swift; path = ViewController.swift; sourceTree = "<group>"; };
		3DB00CFE2B41E57400510B67 /* Base */ = {isa = PBXFileReference; lastKnownFileType = file.storyboard; name = Base; path = Base.lproj/Main.storyboard; sourceTree = "<group>"; };
		3DB00D002B41E57600510B67 /* Assets.xcassets */ = {isa = PBXFileReference; lastKnownFileType = folder.assetcatalog; path = Assets.xcassets; sourceTree = "<group>"; };
		3DB00D032B41E57600510B67 /* Base */ = {isa = PBXFileReference; lastKnownFileType = file.storyboard; name = Base; path = Base.lproj/LaunchScreen.storyboard; sourceTree = "<group>"; };
		3DB00D052B41E57600510B67 /* Info.plist */ = {isa = PBXFileReference; lastKnownFileType = text.plist.xml; path = Info.plist; sourceTree = "<group>"; };
		3DB00D0C2B41EA8C00510B67 /* RecentlyPlayedCollectionViewCell.swift */ = {isa = PBXFileReference; lastKnownFileType = sourcecode.swift; path = RecentlyPlayedCollectionViewCell.swift; sourceTree = "<group>"; };
		3DB00D0D2B41EA8C00510B67 /* RecentlyPlayedCollectionViewCell.xib */ = {isa = PBXFileReference; lastKnownFileType = file.xib; path = RecentlyPlayedCollectionViewCell.xib; sourceTree = "<group>"; };
		3DFEC4482B44465200349DB7 /* SearchViewController.swift */ = {isa = PBXFileReference; lastKnownFileType = sourcecode.swift; path = SearchViewController.swift; sourceTree = "<group>"; };
		3DFEC44A2B4465D300349DB7 /* searchModel.swift */ = {isa = PBXFileReference; lastKnownFileType = sourcecode.swift; path = searchModel.swift; sourceTree = "<group>"; };
		3DFEC44C2B44662000349DB7 /* GenresCollectionViewCell.swift */ = {isa = PBXFileReference; lastKnownFileType = sourcecode.swift; path = GenresCollectionViewCell.swift; sourceTree = "<group>"; };
		3DFEC44D2B44662000349DB7 /* GenresCollectionViewCell.xib */ = {isa = PBXFileReference; lastKnownFileType = file.xib; path = GenresCollectionViewCell.xib; sourceTree = "<group>"; };
		3DFEC4532B45464F00349DB7 /* PodcastCollectionViewCell.swift */ = {isa = PBXFileReference; lastKnownFileType = sourcecode.swift; path = PodcastCollectionViewCell.swift; sourceTree = "<group>"; };
		3DFEC4542B45464F00349DB7 /* PodcastCollectionViewCell.xib */ = {isa = PBXFileReference; lastKnownFileType = file.xib; path = PodcastCollectionViewCell.xib; sourceTree = "<group>"; };
		3DFEC4572B4546EF00349DB7 /* podcastModel.swift */ = {isa = PBXFileReference; lastKnownFileType = sourcecode.swift; path = podcastModel.swift; sourceTree = "<group>"; };
		3DFEC45A2B454AC300349DB7 /* PopularCollectionViewCell.swift */ = {isa = PBXFileReference; lastKnownFileType = sourcecode.swift; path = PopularCollectionViewCell.swift; sourceTree = "<group>"; };
		3DFEC45B2B454AC300349DB7 /* PopularCollectionViewCell.xib */ = {isa = PBXFileReference; lastKnownFileType = file.xib; path = PopularCollectionViewCell.xib; sourceTree = "<group>"; };
		3DFEC45E2B454B4200349DB7 /* popularModel.swift */ = {isa = PBXFileReference; lastKnownFileType = sourcecode.swift; path = popularModel.swift; sourceTree = "<group>"; };
/* End PBXFileReference section */

/* Begin PBXFrameworksBuildPhase section */
		3DB00CF12B41E57300510B67 /* Frameworks */ = {
			isa = PBXFrameworksBuildPhase;
			buildActionMask = 2147483647;
			files = (
			);
			runOnlyForDeploymentPostprocessing = 0;
		};
/* End PBXFrameworksBuildPhase section */

/* Begin PBXGroup section */
		3D3A1B7E2B42AF8E00C8975D /* Models */ = {
			isa = PBXGroup;
			children = (
				3D3A1B7F2B42AFAC00C8975D /* recentlyModel.swift */,
				3D3A1B862B42E8D600C8975D /* revealedModel.swift */,
				3D3A1B882B4317E700C8975D /* EditorModel.swift */,
				3DFEC44A2B4465D300349DB7 /* searchModel.swift */,
				3DFEC4572B4546EF00349DB7 /* podcastModel.swift */,
				3DFEC45E2B454B4200349DB7 /* popularModel.swift */,
			);
			path = Models;
			sourceTree = "<group>";
		};
		3D3A1B812B42E5D900C8975D /*  RevealedPlayedCell */ = {
			isa = PBXGroup;
			children = (
				3D3A1B822B42E5FB00C8975D /* RevealedCollectionViewCell.swift */,
				3D3A1B832B42E5FB00C8975D /* RevealedCollectionViewCell.xib */,
			);
			path = " RevealedPlayedCell";
			sourceTree = "<group>";
		};
		3D3A1B8E2B43186700C8975D /* EditorCell */ = {
			isa = PBXGroup;
			children = (
				3D3A1B8F2B43187800C8975D /* EditorCollectionViewCell.swift */,
				3D3A1B902B43187800C8975D /* EditorCollectionViewCell.xib */,
			);
			path = EditorCell;
			sourceTree = "<group>";
		};
		3DB00CEB2B41E57300510B67 = {
			isa = PBXGroup;
			children = (
				3DB00CF62B41E57400510B67 /* SpotifyUIClone */,
				3DB00CF52B41E57400510B67 /* Products */,
			);
			sourceTree = "<group>";
		};
		3DB00CF52B41E57400510B67 /* Products */ = {
			isa = PBXGroup;
			children = (
				3DB00CF42B41E57400510B67 /* SpotifyUIClone.app */,
			);
			name = Products;
			sourceTree = "<group>";
		};
		3DB00CF62B41E57400510B67 /* SpotifyUIClone */ = {
			isa = PBXGroup;
			children = (
				3DFEC4512B447BF600349DB7 /* Controller */,
				3D3A1B7E2B42AF8E00C8975D /* Models */,
				3DB00D0B2B41EA3F00510B67 /* CustomCell */,
				3DB00CF72B41E57400510B67 /* AppDelegate.swift */,
				3DB00CF92B41E57400510B67 /* SceneDelegate.swift */,
				3DB00CFD2B41E57400510B67 /* Main.storyboard */,
				3DB00D002B41E57600510B67 /* Assets.xcassets */,
				3DB00D022B41E57600510B67 /* LaunchScreen.storyboard */,
				3DB00D052B41E57600510B67 /* Info.plist */,
			);
			path = SpotifyUIClone;
			sourceTree = "<group>";
		};
		3DB00D0B2B41EA3F00510B67 /* CustomCell */ = {
			isa = PBXGroup;
			children = (
				3DFEC4592B454AA400349DB7 /* PopularCell */,
				3DFEC4522B45462C00349DB7 /* PodcastCell */,
				3DFEC4502B44664700349DB7 /* GenresCell */,
				3D3A1B8E2B43186700C8975D /* EditorCell */,
				3D3A1B812B42E5D900C8975D /*  RevealedPlayedCell */,
				3DB00D102B41EAB200510B67 /* RecentlyPlayedCell */,
			);
			path = CustomCell;
			sourceTree = "<group>";
		};
		3DB00D102B41EAB200510B67 /* RecentlyPlayedCell */ = {
			isa = PBXGroup;
			children = (
				3DB00D0C2B41EA8C00510B67 /* RecentlyPlayedCollectionViewCell.swift */,
				3DB00D0D2B41EA8C00510B67 /* RecentlyPlayedCollectionViewCell.xib */,
			);
			path = RecentlyPlayedCell;
			sourceTree = "<group>";
		};
		3DFEC4502B44664700349DB7 /* GenresCell */ = {
			isa = PBXGroup;
			children = (
				3DFEC44C2B44662000349DB7 /* GenresCollectionViewCell.swift */,
				3DFEC44D2B44662000349DB7 /* GenresCollectionViewCell.xib */,
			);
			path = GenresCell;
			sourceTree = "<group>";
		};
		3DFEC4512B447BF600349DB7 /* Controller */ = {
			isa = PBXGroup;
			children = (
				3DB00CFB2B41E57400510B67 /* ViewController.swift */,
				3DFEC4482B44465200349DB7 /* SearchViewController.swift */,
			);
			path = Controller;
			sourceTree = "<group>";
		};
		3DFEC4522B45462C00349DB7 /* PodcastCell */ = {
			isa = PBXGroup;
			children = (
				3DFEC4532B45464F00349DB7 /* PodcastCollectionViewCell.swift */,
				3DFEC4542B45464F00349DB7 /* PodcastCollectionViewCell.xib */,
			);
			path = PodcastCell;
			sourceTree = "<group>";
		};
		3DFEC4592B454AA400349DB7 /* PopularCell */ = {
			isa = PBXGroup;
			children = (
				3DFEC45A2B454AC300349DB7 /* PopularCollectionViewCell.swift */,
				3DFEC45B2B454AC300349DB7 /* PopularCollectionViewCell.xib */,
			);
			path = PopularCell;
			sourceTree = "<group>";
		};
/* End PBXGroup section */

/* Begin PBXNativeTarget section */
		3DB00CF32B41E57300510B67 /* SpotifyUIClone */ = {
			isa = PBXNativeTarget;
			buildConfigurationList = 3DB00D082B41E57600510B67 /* Build configuration list for PBXNativeTarget "SpotifyUIClone" */;
			buildPhases = (
				3DB00CF02B41E57300510B67 /* Sources */,
				3DB00CF12B41E57300510B67 /* Frameworks */,
				3DB00CF22B41E57300510B67 /* Resources */,
			);
			buildRules = (
			);
			dependencies = (
			);
			name = SpotifyUIClone;
			productName = SpotifyUIClone;
			productReference = 3DB00CF42B41E57400510B67 /* SpotifyUIClone.app */;
			productType = "com.apple.product-type.application";
		};
/* End PBXNativeTarget section */

/* Begin PBXProject section */
		3DB00CEC2B41E57300510B67 /* Project object */ = {
			isa = PBXProject;
			attributes = {
				BuildIndependentTargetsInParallel = 1;
				LastSwiftUpdateCheck = 1500;
				LastUpgradeCheck = 1500;
				TargetAttributes = {
					3DB00CF32B41E57300510B67 = {
						CreatedOnToolsVersion = 15.0.1;
					};
				};
			};
			buildConfigurationList = 3DB00CEF2B41E57300510B67 /* Build configuration list for PBXProject "SpotifyUIClone" */;
			compatibilityVersion = "Xcode 14.0";
			developmentRegion = en;
			hasScannedForEncodings = 0;
			knownRegions = (
				en,
				Base,
			);
			mainGroup = 3DB00CEB2B41E57300510B67;
			productRefGroup = 3DB00CF52B41E57400510B67 /* Products */;
			projectDirPath = "";
			projectRoot = "";
			targets = (
				3DB00CF32B41E57300510B67 /* SpotifyUIClone */,
			);
		};
/* End PBXProject section */

/* Begin PBXResourcesBuildPhase section */
		3DB00CF22B41E57300510B67 /* Resources */ = {
			isa = PBXResourcesBuildPhase;
			buildActionMask = 2147483647;
			files = (
				3DFEC44F2B44662000349DB7 /* GenresCollectionViewCell.xib in Resources */,
				3DB00D042B41E57600510B67 /* LaunchScreen.storyboard in Resources */,
				3D3A1B922B43187800C8975D /* EditorCollectionViewCell.xib in Resources */,
				3DFEC4562B45464F00349DB7 /* PodcastCollectionViewCell.xib in Resources */,
				3DB00D0F2B41EA8C00510B67 /* RecentlyPlayedCollectionViewCell.xib in Resources */,
				3DB00D012B41E57600510B67 /* Assets.xcassets in Resources */,
				3DB00CFF2B41E57400510B67 /* Main.storyboard in Resources */,
				3DFEC45D2B454AC300349DB7 /* PopularCollectionViewCell.xib in Resources */,
				3D3A1B852B42E5FB00C8975D /* RevealedCollectionViewCell.xib in Resources */,
			);
			runOnlyForDeploymentPostprocessing = 0;
		};
/* End PBXResourcesBuildPhase section */

/* Begin PBXSourcesBuildPhase section */
		3DB00CF02B41E57300510B67 /* Sources */ = {
			isa = PBXSourcesBuildPhase;
			buildActionMask = 2147483647;
			files = (
				3DFEC4492B44465200349DB7 /* SearchViewController.swift in Sources */,
				3DFEC45F2B454B4200349DB7 /* popularModel.swift in Sources */,
				3D3A1B842B42E5FB00C8975D /* RevealedCollectionViewCell.swift in Sources */,
				3DFEC44E2B44662000349DB7 /* GenresCollectionViewCell.swift in Sources */,
				3DB00CFC2B41E57400510B67 /* ViewController.swift in Sources */,
				3DFEC4582B4546EF00349DB7 /* podcastModel.swift in Sources */,
				3DB00D0E2B41EA8C00510B67 /* RecentlyPlayedCollectionViewCell.swift in Sources */,
				3D3A1B872B42E8D600C8975D /* revealedModel.swift in Sources */,
				3DFEC44B2B4465D300349DB7 /* searchModel.swift in Sources */,
				3D3A1B892B4317E700C8975D /* EditorModel.swift in Sources */,
				3D3A1B912B43187800C8975D /* EditorCollectionViewCell.swift in Sources */,
				3D3A1B802B42AFAC00C8975D /* recentlyModel.swift in Sources */,
				3DFEC4552B45464F00349DB7 /* PodcastCollectionViewCell.swift in Sources */,
				3DFEC45C2B454AC300349DB7 /* PopularCollectionViewCell.swift in Sources */,
				3DB00CF82B41E57400510B67 /* AppDelegate.swift in Sources */,
				3DB00CFA2B41E57400510B67 /* SceneDelegate.swift in Sources */,
			);
			runOnlyForDeploymentPostprocessing = 0;
		};
/* End PBXSourcesBuildPhase section */

/* Begin PBXVariantGroup section */
		3DB00CFD2B41E57400510B67 /* Main.storyboard */ = {
			isa = PBXVariantGroup;
			children = (
				3DB00CFE2B41E57400510B67 /* Base */,
			);
			name = Main.storyboard;
			sourceTree = "<group>";
		};
		3DB00D022B41E57600510B67 /* LaunchScreen.storyboard */ = {
			isa = PBXVariantGroup;
			children = (
				3DB00D032B41E57600510B67 /* Base */,
			);
			name = LaunchScreen.storyboard;
			sourceTree = "<group>";
		};
/* End PBXVariantGroup section */

/* Begin XCBuildConfiguration section */
		3DB00D062B41E57600510B67 /* Debug */ = {
			isa = XCBuildConfiguration;
			buildSettings = {
				ALWAYS_SEARCH_USER_PATHS = NO;
				ASSETCATALOG_COMPILER_GENERATE_SWIFT_ASSET_SYMBOL_EXTENSIONS = YES;
				CLANG_ANALYZER_NONNULL = YES;
				CLANG_ANALYZER_NUMBER_OBJECT_CONVERSION = YES_AGGRESSIVE;
				CLANG_CXX_LANGUAGE_STANDARD = "gnu++20";
				CLANG_ENABLE_MODULES = YES;
				CLANG_ENABLE_OBJC_ARC = YES;
				CLANG_ENABLE_OBJC_WEAK = YES;
				CLANG_WARN_BLOCK_CAPTURE_AUTORELEASING = YES;
				CLANG_WARN_BOOL_CONVERSION = YES;
				CLANG_WARN_COMMA = YES;
				CLANG_WARN_CONSTANT_CONVERSION = YES;
				CLANG_WARN_DEPRECATED_OBJC_IMPLEMENTATIONS = YES;
				CLANG_WARN_DIRECT_OBJC_ISA_USAGE = YES_ERROR;
				CLANG_WARN_DOCUMENTATION_COMMENTS = YES;
				CLANG_WARN_EMPTY_BODY = YES;
				CLANG_WARN_ENUM_CONVERSION = YES;
				CLANG_WARN_INFINITE_RECURSION = YES;
				CLANG_WARN_INT_CONVERSION = YES;
				CLANG_WARN_NON_LITERAL_NULL_CONVERSION = YES;
				CLANG_WARN_OBJC_IMPLICIT_RETAIN_SELF = YES;
				CLANG_WARN_OBJC_LITERAL_CONVERSION = YES;
				CLANG_WARN_OBJC_ROOT_CLASS = YES_ERROR;
				CLANG_WARN_QUOTED_INCLUDE_IN_FRAMEWORK_HEADER = YES;
				CLANG_WARN_RANGE_LOOP_ANALYSIS = YES;
				CLANG_WARN_STRICT_PROTOTYPES = YES;
				CLANG_WARN_SUSPICIOUS_MOVE = YES;
				CLANG_WARN_UNGUARDED_AVAILABILITY = YES_AGGRESSIVE;
				CLANG_WARN_UNREACHABLE_CODE = YES;
				CLANG_WARN__DUPLICATE_METHOD_MATCH = YES;
				COPY_PHASE_STRIP = NO;
				DEBUG_INFORMATION_FORMAT = dwarf;
				ENABLE_STRICT_OBJC_MSGSEND = YES;
				ENABLE_TESTABILITY = YES;
				ENABLE_USER_SCRIPT_SANDBOXING = YES;
				GCC_C_LANGUAGE_STANDARD = gnu17;
				GCC_DYNAMIC_NO_PIC = NO;
				GCC_NO_COMMON_BLOCKS = YES;
				GCC_OPTIMIZATION_LEVEL = 0;
				GCC_PREPROCESSOR_DEFINITIONS = (
					"DEBUG=1",
					"$(inherited)",
				);
				GCC_WARN_64_TO_32_BIT_CONVERSION = YES;
				GCC_WARN_ABOUT_RETURN_TYPE = YES_ERROR;
				GCC_WARN_UNDECLARED_SELECTOR = YES;
				GCC_WARN_UNINITIALIZED_AUTOS = YES_AGGRESSIVE;
				GCC_WARN_UNUSED_FUNCTION = YES;
				GCC_WARN_UNUSED_VARIABLE = YES;
				IPHONEOS_DEPLOYMENT_TARGET = 17.0;
				LOCALIZATION_PREFERS_STRING_CATALOGS = YES;
				MTL_ENABLE_DEBUG_INFO = INCLUDE_SOURCE;
				MTL_FAST_MATH = YES;
				ONLY_ACTIVE_ARCH = YES;
				SDKROOT = iphoneos;
				SWIFT_ACTIVE_COMPILATION_CONDITIONS = "DEBUG $(inherited)";
				SWIFT_OPTIMIZATION_LEVEL = "-Onone";
			};
			name = Debug;
		};
		3DB00D072B41E57600510B67 /* Release */ = {
			isa = XCBuildConfiguration;
			buildSettings = {
				ALWAYS_SEARCH_USER_PATHS = NO;
				ASSETCATALOG_COMPILER_GENERATE_SWIFT_ASSET_SYMBOL_EXTENSIONS = YES;
				CLANG_ANALYZER_NONNULL = YES;
				CLANG_ANALYZER_NUMBER_OBJECT_CONVERSION = YES_AGGRESSIVE;
				CLANG_CXX_LANGUAGE_STANDARD = "gnu++20";
				CLANG_ENABLE_MODULES = YES;
				CLANG_ENABLE_OBJC_ARC = YES;
				CLANG_ENABLE_OBJC_WEAK = YES;
				CLANG_WARN_BLOCK_CAPTURE_AUTORELEASING = YES;
				CLANG_WARN_BOOL_CONVERSION = YES;
				CLANG_WARN_COMMA = YES;
				CLANG_WARN_CONSTANT_CONVERSION = YES;
				CLANG_WARN_DEPRECATED_OBJC_IMPLEMENTATIONS = YES;
				CLANG_WARN_DIRECT_OBJC_ISA_USAGE = YES_ERROR;
				CLANG_WARN_DOCUMENTATION_COMMENTS = YES;
				CLANG_WARN_EMPTY_BODY = YES;
				CLANG_WARN_ENUM_CONVERSION = YES;
				CLANG_WARN_INFINITE_RECURSION = YES;
				CLANG_WARN_INT_CONVERSION = YES;
				CLANG_WARN_NON_LITERAL_NULL_CONVERSION = YES;
				CLANG_WARN_OBJC_IMPLICIT_RETAIN_SELF = YES;
				CLANG_WARN_OBJC_LITERAL_CONVERSION = YES;
				CLANG_WARN_OBJC_ROOT_CLASS = YES_ERROR;
				CLANG_WARN_QUOTED_INCLUDE_IN_FRAMEWORK_HEADER = YES;
				CLANG_WARN_RANGE_LOOP_ANALYSIS = YES;
				CLANG_WARN_STRICT_PROTOTYPES = YES;
				CLANG_WARN_SUSPICIOUS_MOVE = YES;
				CLANG_WARN_UNGUARDED_AVAILABILITY = YES_AGGRESSIVE;
				CLANG_WARN_UNREACHABLE_CODE = YES;
				CLANG_WARN__DUPLICATE_METHOD_MATCH = YES;
				COPY_PHASE_STRIP = NO;
				DEBUG_INFORMATION_FORMAT = "dwarf-with-dsym";
				ENABLE_NS_ASSERTIONS = NO;
				ENABLE_STRICT_OBJC_MSGSEND = YES;
				ENABLE_USER_SCRIPT_SANDBOXING = YES;
				GCC_C_LANGUAGE_STANDARD = gnu17;
				GCC_NO_COMMON_BLOCKS = YES;
				GCC_WARN_64_TO_32_BIT_CONVERSION = YES;
				GCC_WARN_ABOUT_RETURN_TYPE = YES_ERROR;
				GCC_WARN_UNDECLARED_SELECTOR = YES;
				GCC_WARN_UNINITIALIZED_AUTOS = YES_AGGRESSIVE;
				GCC_WARN_UNUSED_FUNCTION = YES;
				GCC_WARN_UNUSED_VARIABLE = YES;
				IPHONEOS_DEPLOYMENT_TARGET = 17.0;
				LOCALIZATION_PREFERS_STRING_CATALOGS = YES;
				MTL_ENABLE_DEBUG_INFO = NO;
				MTL_FAST_MATH = YES;
				SDKROOT = iphoneos;
				SWIFT_COMPILATION_MODE = wholemodule;
				VALIDATE_PRODUCT = YES;
			};
			name = Release;
		};
		3DB00D092B41E57600510B67 /* Debug */ = {
			isa = XCBuildConfiguration;
			buildSettings = {
				ASSETCATALOG_COMPILER_APPICON_NAME = AppIcon;
				ASSETCATALOG_COMPILER_GLOBAL_ACCENT_COLOR_NAME = AccentColor;
				CODE_SIGN_STYLE = Automatic;
				CURRENT_PROJECT_VERSION = 1;
				DEVELOPMENT_TEAM = 628PNWMZP5;
				GENERATE_INFOPLIST_FILE = YES;
				INFOPLIST_FILE = SpotifyUIClone/Info.plist;
				INFOPLIST_KEY_UIApplicationSupportsIndirectInputEvents = YES;
				INFOPLIST_KEY_UILaunchStoryboardName = LaunchScreen;
				INFOPLIST_KEY_UIMainStoryboardFile = Main;
				INFOPLIST_KEY_UISupportedInterfaceOrientations_iPad = "UIInterfaceOrientationPortrait UIInterfaceOrientationPortraitUpsideDown UIInterfaceOrientationLandscapeLeft UIInterfaceOrientationLandscapeRight";
				INFOPLIST_KEY_UISupportedInterfaceOrientations_iPhone = "UIInterfaceOrientationPortrait UIInterfaceOrientationLandscapeLeft UIInterfaceOrientationLandscapeRight";
				LD_RUNPATH_SEARCH_PATHS = (
					"$(inherited)",
					"@executable_path/Frameworks",
				);
				MARKETING_VERSION = 1.0;
				PRODUCT_BUNDLE_IDENTIFIER = com.alkanfatih.SpotifyUIClone;
				PRODUCT_NAME = "$(TARGET_NAME)";
				SWIFT_EMIT_LOC_STRINGS = YES;
				SWIFT_VERSION = 5.0;
				TARGETED_DEVICE_FAMILY = "1,2";
			};
			name = Debug;
		};
		3DB00D0A2B41E57600510B67 /* Release */ = {
			isa = XCBuildConfiguration;
			buildSettings = {
				ASSETCATALOG_COMPILER_APPICON_NAME = AppIcon;
				ASSETCATALOG_COMPILER_GLOBAL_ACCENT_COLOR_NAME = AccentColor;
				CODE_SIGN_STYLE = Automatic;
				CURRENT_PROJECT_VERSION = 1;
				DEVELOPMENT_TEAM = 628PNWMZP5;
				GENERATE_INFOPLIST_FILE = YES;
				INFOPLIST_FILE = SpotifyUIClone/Info.plist;
				INFOPLIST_KEY_UIApplicationSupportsIndirectInputEvents = YES;
				INFOPLIST_KEY_UILaunchStoryboardName = LaunchScreen;
				INFOPLIST_KEY_UIMainStoryboardFile = Main;
				INFOPLIST_KEY_UISupportedInterfaceOrientations_iPad = "UIInterfaceOrientationPortrait UIInterfaceOrientationPortraitUpsideDown UIInterfaceOrientationLandscapeLeft UIInterfaceOrientationLandscapeRight";
				INFOPLIST_KEY_UISupportedInterfaceOrientations_iPhone = "UIInterfaceOrientationPortrait UIInterfaceOrientationLandscapeLeft UIInterfaceOrientationLandscapeRight";
				LD_RUNPATH_SEARCH_PATHS = (
					"$(inherited)",
					"@executable_path/Frameworks",
				);
				MARKETING_VERSION = 1.0;
				PRODUCT_BUNDLE_IDENTIFIER = com.alkanfatih.SpotifyUIClone;
				PRODUCT_NAME = "$(TARGET_NAME)";
				SWIFT_EMIT_LOC_STRINGS = YES;
				SWIFT_VERSION = 5.0;
				TARGETED_DEVICE_FAMILY = "1,2";
			};
			name = Release;
		};
/* End XCBuildConfiguration section */

/* Begin XCConfigurationList section */
		3DB00CEF2B41E57300510B67 /* Build configuration list for PBXProject "SpotifyUIClone" */ = {
			isa = XCConfigurationList;
			buildConfigurations = (
				3DB00D062B41E57600510B67 /* Debug */,
				3DB00D072B41E57600510B67 /* Release */,
			);
			defaultConfigurationIsVisible = 0;
			defaultConfigurationName = Release;
		};
		3DB00D082B41E57600510B67 /* Build configuration list for PBXNativeTarget "SpotifyUIClone" */ = {
			isa = XCConfigurationList;
			buildConfigurations = (
				3DB00D092B41E57600510B67 /* Debug */,
				3DB00D0A2B41E57600510B67 /* Release */,
			);
			defaultConfigurationIsVisible = 0;
			defaultConfigurationName = Release;
		};
/* End XCConfigurationList section */
	};
	rootObject = 3DB00CEC2B41E57300510B67 /* Project object */;
}
